
Microsoft Visual Studio Solution File, Format Version 12.00
# Visual Studio Version 17
VisualStudioVersion = 17.2.32519.379
MinimumVisualStudioVersion = 10.0.40219.1
Project("{FAE04EC0-301F-11D3-BF4B-00C04F79EFBC}") = "Mezenne_Hesablama_Programi", "Mezenne_Hesablama_Programi\Mezenne_Hesablama_Programi.csproj", "{080BD1B4-2325-40B6-B014-F45F7D2E19DF}"
EndProject
Global
	GlobalSection(SolutionConfigurationPlatforms) = preSolution
		Debug|Any CPU = Debug|Any CPU
		Release|Any CPU = Release|Any CPU
	EndGlobalSection
	GlobalSection(ProjectConfigurationPlatforms) = postSolution
		{080BD1B4-2325-40B6-B014-F45F7D2E19DF}.Debug|Any CPU.ActiveCfg = Debug|Any CPU
		{080BD1B4-2325-40B6-B014-F45F7D2E19DF}.Debug|Any CPU.Build.0 = Debug|Any CPU
		{080BD1B4-2325-40B6-B014-F45F7D2E19DF}.Release|Any CPU.ActiveCfg = Release|Any CPU
		{080BD1B4-2325-40B6-B014-F45F7D2E19DF}.Release|Any CPU.Build.0 = Release|Any CPU
	EndGlobalSection
	GlobalSection(SolutionProperties) = preSolution
		HideSolutionNode = FALSE
	EndGlobalSection
	GlobalSection(ExtensibilityGlobals) = postSolution
		SolutionGuid = {64FD2E10-B1DF-4B5A-AE76-08AEB7752DFE}
	EndGlobalSection
EndGlobal
